// !$*UTF8*$!
{
	archiveVersion = 1;
	classes = {
	};
	objectVersion = 55;
	objects = {

/* Begin PBXBuildFile section */
		537759B5278F57CC00635EDC /* ClientHomeViewController.swift in Sources */ = {isa = PBXBuildFile; fileRef = 537759B4278F57CC00635EDC /* ClientHomeViewController.swift */; };
		537759B7278F6BFE00635EDC /* LoginProtocols.swift in Sources */ = {isa = PBXBuildFile; fileRef = 537759B6278F6BFE00635EDC /* LoginProtocols.swift */; };
		537759BE27909A6000635EDC /* Protocols.swift in Sources */ = {isa = PBXBuildFile; fileRef = 537759BD27909A6000635EDC /* Protocols.swift */; };
		537759C227909D6F00635EDC /* ContainerClientViewController.swift in Sources */ = {isa = PBXBuildFile; fileRef = 537759C127909D6F00635EDC /* ContainerClientViewController.swift */; };
		53BADDA8278CB4B7008DD7C2 /* FirebaseData.swift in Sources */ = {isa = PBXBuildFile; fileRef = 53BADDA7278CB4B7008DD7C2 /* FirebaseData.swift */; };
		53BADDAA278CB6B5008DD7C2 /* User.swift in Sources */ = {isa = PBXBuildFile; fileRef = 53BADDA9278CB6B5008DD7C2 /* User.swift */; };
		53BADDAC278CB7AB008DD7C2 /* K.swift in Sources */ = {isa = PBXBuildFile; fileRef = 53BADDAB278CB7AB008DD7C2 /* K.swift */; };
		53BADDB1278CC63B008DD7C2 /* LoginViewController.swift in Sources */ = {isa = PBXBuildFile; fileRef = 53BADDB0278CC63B008DD7C2 /* LoginViewController.swift */; };
		53BADDB3278CEA3C008DD7C2 /* ForgotPassViewController.swift in Sources */ = {isa = PBXBuildFile; fileRef = 53BADDB2278CEA3C008DD7C2 /* ForgotPassViewController.swift */; };
		53BADDB5278CF010008DD7C2 /* RegisterUserViewController.swift in Sources */ = {isa = PBXBuildFile; fileRef = 53BADDB4278CF010008DD7C2 /* RegisterUserViewController.swift */; };
		53BADDB7278CF29C008DD7C2 /* Utils.swift in Sources */ = {isa = PBXBuildFile; fileRef = 53BADDB6278CF29C008DD7C2 /* Utils.swift */; };
		53BADDB9278DEDE0008DD7C2 /* RegisterProfessionalViewController.swift in Sources */ = {isa = PBXBuildFile; fileRef = 53BADDB8278DEDE0008DD7C2 /* RegisterProfessionalViewController.swift */; };
		53BADDBB278DF175008DD7C2 /* ApiViaCep.swift in Sources */ = {isa = PBXBuildFile; fileRef = 53BADDBA278DF174008DD7C2 /* ApiViaCep.swift */; };
		53BADDBD278DF1F6008DD7C2 /* Adress.swift in Sources */ = {isa = PBXBuildFile; fileRef = 53BADDBC278DF1F6008DD7C2 /* Adress.swift */; };
		53BADDBF278E0081008DD7C2 /* MySecrets.swift in Sources */ = {isa = PBXBuildFile; fileRef = 53BADDBE278E0081008DD7C2 /* MySecrets.swift */; };
		53BADDC1278E0B4F008DD7C2 /* ApiMoip.swift in Sources */ = {isa = PBXBuildFile; fileRef = 53BADDC0278E0B4E008DD7C2 /* ApiMoip.swift */; };
		53BADDC3278E1D86008DD7C2 /* ApiResponse.swift in Sources */ = {isa = PBXBuildFile; fileRef = 53BADDC2278E1D86008DD7C2 /* ApiResponse.swift */; };
		53BADDC5278E41FD008DD7C2 /* GeneralInputs.swift in Sources */ = {isa = PBXBuildFile; fileRef = 53BADDC4278E41FC008DD7C2 /* GeneralInputs.swift */; };
		53BADDC7278E5165008DD7C2 /* UserAgreementViewController.swift in Sources */ = {isa = PBXBuildFile; fileRef = 53BADDC6278E5164008DD7C2 /* UserAgreementViewController.swift */; };
		53EA85C22790A2BC001A6760 /* MenuClientController.swift in Sources */ = {isa = PBXBuildFile; fileRef = 53EA85C12790A2BC001A6760 /* MenuClientController.swift */; };
		53EA85C42790AE92001A6760 /* MyTicketsViewController.swift in Sources */ = {isa = PBXBuildFile; fileRef = 53EA85C32790AE92001A6760 /* MyTicketsViewController.swift */; };
		53EA85C62790FCA4001A6760 /* ClosedDealsViewController.swift in Sources */ = {isa = PBXBuildFile; fileRef = 53EA85C52790FCA4001A6760 /* ClosedDealsViewController.swift */; };
		53FCF25D278B5676002916BE /* AppDelegate.swift in Sources */ = {isa = PBXBuildFile; fileRef = 53FCF25C278B5676002916BE /* AppDelegate.swift */; };
		53FCF25F278B5676002916BE /* SceneDelegate.swift in Sources */ = {isa = PBXBuildFile; fileRef = 53FCF25E278B5676002916BE /* SceneDelegate.swift */; };
		53FCF261278B5676002916BE /* ViewController.swift in Sources */ = {isa = PBXBuildFile; fileRef = 53FCF260278B5676002916BE /* ViewController.swift */; };
		53FCF264278B5676002916BE /* Main.storyboard in Resources */ = {isa = PBXBuildFile; fileRef = 53FCF262278B5676002916BE /* Main.storyboard */; };
		53FCF266278B5678002916BE /* Assets.xcassets in Resources */ = {isa = PBXBuildFile; fileRef = 53FCF265278B5678002916BE /* Assets.xcassets */; };
		53FCF269278B5678002916BE /* LaunchScreen.storyboard in Resources */ = {isa = PBXBuildFile; fileRef = 53FCF267278B5678002916BE /* LaunchScreen.storyboard */; };
		53FCF279278B5B14002916BE /* GoogleService-Info.plist in Resources */ = {isa = PBXBuildFile; fileRef = 53FCF278278B5B14002916BE /* GoogleService-Info.plist */; };
		D7D2BFA8E8DE6FFBA3E8017F /* Pods_WeCleaner.framework in Frameworks */ = {isa = PBXBuildFile; fileRef = C07FD9C462529D213A5CF6B4 /* Pods_WeCleaner.framework */; };
/* End PBXBuildFile section */

/* Begin PBXFileReference section */
		0D6F5A31678ABEB2281562B0 /* Pods-WeCleaner.release.xcconfig */ = {isa = PBXFileReference; includeInIndex = 1; lastKnownFileType = text.xcconfig; name = "Pods-WeCleaner.release.xcconfig"; path = "Target Support Files/Pods-WeCleaner/Pods-WeCleaner.release.xcconfig"; sourceTree = "<group>"; };
		537759B4278F57CC00635EDC /* ClientHomeViewController.swift */ = {isa = PBXFileReference; lastKnownFileType = sourcecode.swift; path = ClientHomeViewController.swift; sourceTree = "<group>"; };
		537759B6278F6BFE00635EDC /* LoginProtocols.swift */ = {isa = PBXFileReference; lastKnownFileType = sourcecode.swift; path = LoginProtocols.swift; sourceTree = "<group>"; };
		537759BD27909A6000635EDC /* Protocols.swift */ = {isa = PBXFileReference; lastKnownFileType = sourcecode.swift; path = Protocols.swift; sourceTree = "<group>"; };
		537759C127909D6F00635EDC /* ContainerClientViewController.swift */ = {isa = PBXFileReference; lastKnownFileType = sourcecode.swift; path = ContainerClientViewController.swift; sourceTree = "<group>"; };
		53BADDA7278CB4B7008DD7C2 /* FirebaseData.swift */ = {isa = PBXFileReference; lastKnownFileType = sourcecode.swift; path = FirebaseData.swift; sourceTree = "<group>"; };
		53BADDA9278CB6B5008DD7C2 /* User.swift */ = {isa = PBXFileReference; lastKnownFileType = sourcecode.swift; path = User.swift; sourceTree = "<group>"; };
		53BADDAB278CB7AB008DD7C2 /* K.swift */ = {isa = PBXFileReference; lastKnownFileType = sourcecode.swift; path = K.swift; sourceTree = "<group>"; };
		53BADDB0278CC63B008DD7C2 /* LoginViewController.swift */ = {isa = PBXFileReference; lastKnownFileType = sourcecode.swift; path = LoginViewController.swift; sourceTree = "<group>"; };
		53BADDB2278CEA3C008DD7C2 /* ForgotPassViewController.swift */ = {isa = PBXFileReference; lastKnownFileType = sourcecode.swift; path = ForgotPassViewController.swift; sourceTree = "<group>"; };
		53BADDB4278CF010008DD7C2 /* RegisterUserViewController.swift */ = {isa = PBXFileReference; lastKnownFileType = sourcecode.swift; path = RegisterUserViewController.swift; sourceTree = "<group>"; };
		53BADDB6278CF29C008DD7C2 /* Utils.swift */ = {isa = PBXFileReference; lastKnownFileType = sourcecode.swift; path = Utils.swift; sourceTree = "<group>"; };
		53BADDB8278DEDE0008DD7C2 /* RegisterProfessionalViewController.swift */ = {isa = PBXFileReference; lastKnownFileType = sourcecode.swift; path = RegisterProfessionalViewController.swift; sourceTree = "<group>"; };
		53BADDBA278DF174008DD7C2 /* ApiViaCep.swift */ = {isa = PBXFileReference; lastKnownFileType = sourcecode.swift; path = ApiViaCep.swift; sourceTree = "<group>"; };
		53BADDBC278DF1F6008DD7C2 /* Adress.swift */ = {isa = PBXFileReference; lastKnownFileType = sourcecode.swift; path = Adress.swift; sourceTree = "<group>"; };
		53BADDBE278E0081008DD7C2 /* MySecrets.swift */ = {isa = PBXFileReference; lastKnownFileType = sourcecode.swift; path = MySecrets.swift; sourceTree = "<group>"; };
		53BADDC0278E0B4E008DD7C2 /* ApiMoip.swift */ = {isa = PBXFileReference; lastKnownFileType = sourcecode.swift; path = ApiMoip.swift; sourceTree = "<group>"; };
		53BADDC2278E1D86008DD7C2 /* ApiResponse.swift */ = {isa = PBXFileReference; lastKnownFileType = sourcecode.swift; path = ApiResponse.swift; sourceTree = "<group>"; };
		53BADDC4278E41FC008DD7C2 /* GeneralInputs.swift */ = {isa = PBXFileReference; lastKnownFileType = sourcecode.swift; path = GeneralInputs.swift; sourceTree = "<group>"; };
		53BADDC6278E5164008DD7C2 /* UserAgreementViewController.swift */ = {isa = PBXFileReference; lastKnownFileType = sourcecode.swift; path = UserAgreementViewController.swift; sourceTree = "<group>"; };
		53EA85C12790A2BC001A6760 /* MenuClientController.swift */ = {isa = PBXFileReference; lastKnownFileType = sourcecode.swift; path = MenuClientController.swift; sourceTree = "<group>"; };
		53EA85C32790AE92001A6760 /* MyTicketsViewController.swift */ = {isa = PBXFileReference; lastKnownFileType = sourcecode.swift; path = MyTicketsViewController.swift; sourceTree = "<group>"; };
		53EA85C52790FCA4001A6760 /* ClosedDealsViewController.swift */ = {isa = PBXFileReference; lastKnownFileType = sourcecode.swift; path = ClosedDealsViewController.swift; sourceTree = "<group>"; };
		53FCF259278B5676002916BE /* WeCleaner.app */ = {isa = PBXFileReference; explicitFileType = wrapper.application; includeInIndex = 0; path = WeCleaner.app; sourceTree = BUILT_PRODUCTS_DIR; };
		53FCF25C278B5676002916BE /* AppDelegate.swift */ = {isa = PBXFileReference; lastKnownFileType = sourcecode.swift; path = AppDelegate.swift; sourceTree = "<group>"; };
		53FCF25E278B5676002916BE /* SceneDelegate.swift */ = {isa = PBXFileReference; lastKnownFileType = sourcecode.swift; path = SceneDelegate.swift; sourceTree = "<group>"; };
		53FCF260278B5676002916BE /* ViewController.swift */ = {isa = PBXFileReference; lastKnownFileType = sourcecode.swift; path = ViewController.swift; sourceTree = "<group>"; };
		53FCF263278B5676002916BE /* Base */ = {isa = PBXFileReference; lastKnownFileType = file.storyboard; name = Base; path = Base.lproj/Main.storyboard; sourceTree = "<group>"; };
		53FCF265278B5678002916BE /* Assets.xcassets */ = {isa = PBXFileReference; lastKnownFileType = folder.assetcatalog; path = Assets.xcassets; sourceTree = "<group>"; };
		53FCF268278B5678002916BE /* Base */ = {isa = PBXFileReference; lastKnownFileType = file.storyboard; name = Base; path = Base.lproj/LaunchScreen.storyboard; sourceTree = "<group>"; };
		53FCF26A278B5678002916BE /* Info.plist */ = {isa = PBXFileReference; lastKnownFileType = text.plist.xml; path = Info.plist; sourceTree = "<group>"; };
		53FCF278278B5B14002916BE /* GoogleService-Info.plist */ = {isa = PBXFileReference; fileEncoding = 4; lastKnownFileType = text.plist.xml; path = "GoogleService-Info.plist"; sourceTree = "<group>"; };
		C07FD9C462529D213A5CF6B4 /* Pods_WeCleaner.framework */ = {isa = PBXFileReference; explicitFileType = wrapper.framework; includeInIndex = 0; path = Pods_WeCleaner.framework; sourceTree = BUILT_PRODUCTS_DIR; };
		CA143983ED72BC42E9BA0956 /* Pods-WeCleaner.debug.xcconfig */ = {isa = PBXFileReference; includeInIndex = 1; lastKnownFileType = text.xcconfig; name = "Pods-WeCleaner.debug.xcconfig"; path = "Target Support Files/Pods-WeCleaner/Pods-WeCleaner.debug.xcconfig"; sourceTree = "<group>"; };
/* End PBXFileReference section */

/* Begin PBXFrameworksBuildPhase section */
		53FCF256278B5676002916BE /* Frameworks */ = {
			isa = PBXFrameworksBuildPhase;
			buildActionMask = 2147483647;
			files = (
				D7D2BFA8E8DE6FFBA3E8017F /* Pods_WeCleaner.framework in Frameworks */,
			);
			runOnlyForDeploymentPostprocessing = 0;
		};
/* End PBXFrameworksBuildPhase section */

/* Begin PBXGroup section */
		2072E90B783EBCCDEAD181D1 /* Pods */ = {
			isa = PBXGroup;
			children = (
				CA143983ED72BC42E9BA0956 /* Pods-WeCleaner.debug.xcconfig */,
				0D6F5A31678ABEB2281562B0 /* Pods-WeCleaner.release.xcconfig */,
			);
			path = Pods;
			sourceTree = "<group>";
		};
		53BADDAD278CBA2D008DD7C2 /* Cart */ = {
			isa = PBXGroup;
			children = (
			);
			path = Cart;
			sourceTree = "<group>";
		};
		53FCF250278B5676002916BE = {
			isa = PBXGroup;
			children = (
				53FCF25B278B5676002916BE /* WeCleaner */,
				53FCF25A278B5676002916BE /* Products */,
				2072E90B783EBCCDEAD181D1 /* Pods */,
				F32EB43AF407974548D11834 /* Frameworks */,
			);
			sourceTree = "<group>";
		};
		53FCF25A278B5676002916BE /* Products */ = {
			isa = PBXGroup;
			children = (
				53FCF259278B5676002916BE /* WeCleaner.app */,
			);
			name = Products;
			sourceTree = "<group>";
		};
		53FCF25B278B5676002916BE /* WeCleaner */ = {
			isa = PBXGroup;
			children = (
				53FCF25E278B5676002916BE /* SceneDelegate.swift */,
				53FCF25C278B5676002916BE /* AppDelegate.swift */,
				53FCF277278B57A0002916BE /* Models */,
				53FCF276278B5799002916BE /* Objects */,
				53FCF275278B5767002916BE /* Firebase */,
				53FCF271278B56F8002916BE /* ViewControllers */,
				53FCF270278B56D4002916BE /* Views */,
				53FCF278278B5B14002916BE /* GoogleService-Info.plist */,
				53FCF265278B5678002916BE /* Assets.xcassets */,
				53FCF26A278B5678002916BE /* Info.plist */,
			);
			path = WeCleaner;
			sourceTree = "<group>";
		};
		53FCF270278B56D4002916BE /* Views */ = {
			isa = PBXGroup;
			children = (
				53FCF262278B5676002916BE /* Main.storyboard */,
				53FCF267278B5678002916BE /* LaunchScreen.storyboard */,
			);
			path = Views;
			sourceTree = "<group>";
		};
		53FCF271278B56F8002916BE /* ViewControllers */ = {
			isa = PBXGroup;
			children = (
				53FCF260278B5676002916BE /* ViewController.swift */,
				53FCF274278B574E002916BE /* Login */,
				53FCF273278B5745002916BE /* Professional */,
				53FCF272278B573B002916BE /* Client */,
				53BADDAD278CBA2D008DD7C2 /* Cart */,
			);
			path = ViewControllers;
			sourceTree = "<group>";
		};
		53FCF272278B573B002916BE /* Client */ = {
			isa = PBXGroup;
			children = (
				537759B4278F57CC00635EDC /* ClientHomeViewController.swift */,
				537759C127909D6F00635EDC /* ContainerClientViewController.swift */,
				53EA85C12790A2BC001A6760 /* MenuClientController.swift */,
				53EA85C32790AE92001A6760 /* MyTicketsViewController.swift */,
				53EA85C52790FCA4001A6760 /* ClosedDealsViewController.swift */,
			);
			path = Client;
			sourceTree = "<group>";
		};
		53FCF273278B5745002916BE /* Professional */ = {
			isa = PBXGroup;
			children = (
			);
			path = Professional;
			sourceTree = "<group>";
		};
		53FCF274278B574E002916BE /* Login */ = {
			isa = PBXGroup;
			children = (
				53BADDB0278CC63B008DD7C2 /* LoginViewController.swift */,
				53BADDB2278CEA3C008DD7C2 /* ForgotPassViewController.swift */,
				53BADDB4278CF010008DD7C2 /* RegisterUserViewController.swift */,
				53BADDB8278DEDE0008DD7C2 /* RegisterProfessionalViewController.swift */,
				53BADDC6278E5164008DD7C2 /* UserAgreementViewController.swift */,
			);
			path = Login;
			sourceTree = "<group>";
		};
		53FCF275278B5767002916BE /* Firebase */ = {
			isa = PBXGroup;
			children = (
				53BADDA7278CB4B7008DD7C2 /* FirebaseData.swift */,
			);
			path = Firebase;
			sourceTree = "<group>";
		};
		53FCF276278B5799002916BE /* Objects */ = {
			isa = PBXGroup;
			children = (
				53BADDA9278CB6B5008DD7C2 /* User.swift */,
				53BADDBC278DF1F6008DD7C2 /* Adress.swift */,
				53BADDC2278E1D86008DD7C2 /* ApiResponse.swift */,
				53BADDC4278E41FC008DD7C2 /* GeneralInputs.swift */,
			);
			path = Objects;
			sourceTree = "<group>";
		};
		53FCF277278B57A0002916BE /* Models */ = {
			isa = PBXGroup;
			children = (
				53BADDAB278CB7AB008DD7C2 /* K.swift */,
				53BADDB6278CF29C008DD7C2 /* Utils.swift */,
				53BADDBA278DF174008DD7C2 /* ApiViaCep.swift */,
				53BADDBE278E0081008DD7C2 /* MySecrets.swift */,
				53BADDC0278E0B4E008DD7C2 /* ApiMoip.swift */,
				537759B6278F6BFE00635EDC /* LoginProtocols.swift */,
				537759BD27909A6000635EDC /* Protocols.swift */,
			);
			path = Models;
			sourceTree = "<group>";
		};
		F32EB43AF407974548D11834 /* Frameworks */ = {
			isa = PBXGroup;
			children = (
				C07FD9C462529D213A5CF6B4 /* Pods_WeCleaner.framework */,
			);
			name = Frameworks;
			sourceTree = "<group>";
		};
/* End PBXGroup section */

/* Begin PBXNativeTarget section */
		53FCF258278B5676002916BE /* WeCleaner */ = {
			isa = PBXNativeTarget;
			buildConfigurationList = 53FCF26D278B5678002916BE /* Build configuration list for PBXNativeTarget "WeCleaner" */;
			buildPhases = (
				1F9C4929799BAE9FAD36AD3D /* [CP] Check Pods Manifest.lock */,
				53FCF255278B5676002916BE /* Sources */,
				53FCF256278B5676002916BE /* Frameworks */,
				53FCF257278B5676002916BE /* Resources */,
				DA41F59B0FA5393FC8F430BF /* [CP] Embed Pods Frameworks */,
			);
			buildRules = (
			);
			dependencies = (
			);
			name = WeCleaner;
			productName = WeCleaner;
			productReference = 53FCF259278B5676002916BE /* WeCleaner.app */;
			productType = "com.apple.product-type.application";
		};
/* End PBXNativeTarget section */

/* Begin PBXProject section */
		53FCF251278B5676002916BE /* Project object */ = {
			isa = PBXProject;
			attributes = {
				BuildIndependentTargetsInParallel = 1;
				LastSwiftUpdateCheck = 1320;
				LastUpgradeCheck = 1320;
				TargetAttributes = {
					53FCF258278B5676002916BE = {
						CreatedOnToolsVersion = 13.2.1;
					};
				};
			};
			buildConfigurationList = 53FCF254278B5676002916BE /* Build configuration list for PBXProject "WeCleaner" */;
			compatibilityVersion = "Xcode 13.0";
			developmentRegion = en;
			hasScannedForEncodings = 0;
			knownRegions = (
				en,
				Base,
			);
			mainGroup = 53FCF250278B5676002916BE;
			productRefGroup = 53FCF25A278B5676002916BE /* Products */;
			projectDirPath = "";
			projectRoot = "";
			targets = (
				53FCF258278B5676002916BE /* WeCleaner */,
			);
		};
/* End PBXProject section */

/* Begin PBXResourcesBuildPhase section */
		53FCF257278B5676002916BE /* Resources */ = {
			isa = PBXResourcesBuildPhase;
			buildActionMask = 2147483647;
			files = (
				53FCF269278B5678002916BE /* LaunchScreen.storyboard in Resources */,
				53FCF279278B5B14002916BE /* GoogleService-Info.plist in Resources */,
				53FCF266278B5678002916BE /* Assets.xcassets in Resources */,
				53FCF264278B5676002916BE /* Main.storyboard in Resources */,
			);
			runOnlyForDeploymentPostprocessing = 0;
		};
/* End PBXResourcesBuildPhase section */

/* Begin PBXShellScriptBuildPhase section */
		1F9C4929799BAE9FAD36AD3D /* [CP] Check Pods Manifest.lock */ = {
			isa = PBXShellScriptBuildPhase;
			buildActionMask = 2147483647;
			files = (
			);
			inputFileListPaths = (
			);
			inputPaths = (
				"${PODS_PODFILE_DIR_PATH}/Podfile.lock",
				"${PODS_ROOT}/Manifest.lock",
			);
			name = "[CP] Check Pods Manifest.lock";
			outputFileListPaths = (
			);
			outputPaths = (
				"$(DERIVED_FILE_DIR)/Pods-WeCleaner-checkManifestLockResult.txt",
			);
			runOnlyForDeploymentPostprocessing = 0;
			shellPath = /bin/sh;
			shellScript = "diff \"${PODS_PODFILE_DIR_PATH}/Podfile.lock\" \"${PODS_ROOT}/Manifest.lock\" > /dev/null\nif [ $? != 0 ] ; then\n    # print error to STDERR\n    echo \"error: The sandbox is not in sync with the Podfile.lock. Run 'pod install' or update your CocoaPods installation.\" >&2\n    exit 1\nfi\n# This output is used by Xcode 'outputs' to avoid re-running this script phase.\necho \"SUCCESS\" > \"${SCRIPT_OUTPUT_FILE_0}\"\n";
			showEnvVarsInLog = 0;
		};
		DA41F59B0FA5393FC8F430BF /* [CP] Embed Pods Frameworks */ = {
			isa = PBXShellScriptBuildPhase;
			buildActionMask = 2147483647;
			files = (
			);
			inputFileListPaths = (
				"${PODS_ROOT}/Target Support Files/Pods-WeCleaner/Pods-WeCleaner-frameworks-${CONFIGURATION}-input-files.xcfilelist",
			);
			name = "[CP] Embed Pods Frameworks";
			outputFileListPaths = (
				"${PODS_ROOT}/Target Support Files/Pods-WeCleaner/Pods-WeCleaner-frameworks-${CONFIGURATION}-output-files.xcfilelist",
			);
			runOnlyForDeploymentPostprocessing = 0;
			shellPath = /bin/sh;
			shellScript = "\"${PODS_ROOT}/Target Support Files/Pods-WeCleaner/Pods-WeCleaner-frameworks.sh\"\n";
			showEnvVarsInLog = 0;
		};
/* End PBXShellScriptBuildPhase section */

/* Begin PBXSourcesBuildPhase section */
		53FCF255278B5676002916BE /* Sources */ = {
			isa = PBXSourcesBuildPhase;
			buildActionMask = 2147483647;
			files = (
				53BADDB3278CEA3C008DD7C2 /* ForgotPassViewController.swift in Sources */,
				537759B7278F6BFE00635EDC /* LoginProtocols.swift in Sources */,
				53BADDBB278DF175008DD7C2 /* ApiViaCep.swift in Sources */,
				537759B5278F57CC00635EDC /* ClientHomeViewController.swift in Sources */,
				53BADDB5278CF010008DD7C2 /* RegisterUserViewController.swift in Sources */,
				53EA85C62790FCA4001A6760 /* ClosedDealsViewController.swift in Sources */,
				53BADDB1278CC63B008DD7C2 /* LoginViewController.swift in Sources */,
				53FCF261278B5676002916BE /* ViewController.swift in Sources */,
				53BADDC3278E1D86008DD7C2 /* ApiResponse.swift in Sources */,
				53BADDC5278E41FD008DD7C2 /* GeneralInputs.swift in Sources */,
				537759BE27909A6000635EDC /* Protocols.swift in Sources */,
				53BADDA8278CB4B7008DD7C2 /* FirebaseData.swift in Sources */,
				53BADDB7278CF29C008DD7C2 /* Utils.swift in Sources */,
				53BADDBD278DF1F6008DD7C2 /* Adress.swift in Sources */,
				53FCF25D278B5676002916BE /* AppDelegate.swift in Sources */,
				537759C227909D6F00635EDC /* ContainerClientViewController.swift in Sources */,
				53EA85C22790A2BC001A6760 /* MenuClientController.swift in Sources */,
				53BADDBF278E0081008DD7C2 /* MySecrets.swift in Sources */,
				53BADDC7278E5165008DD7C2 /* UserAgreementViewController.swift in Sources */,
				53BADDAC278CB7AB008DD7C2 /* K.swift in Sources */,
				53BADDAA278CB6B5008DD7C2 /* User.swift in Sources */,
				53FCF25F278B5676002916BE /* SceneDelegate.swift in Sources */,
				53EA85C42790AE92001A6760 /* MyTicketsViewController.swift in Sources */,
				53BADDB9278DEDE0008DD7C2 /* RegisterProfessionalViewController.swift in Sources */,
				53BADDC1278E0B4F008DD7C2 /* ApiMoip.swift in Sources */,
			);
			runOnlyForDeploymentPostprocessing = 0;
		};
/* End PBXSourcesBuildPhase section */

/* Begin PBXVariantGroup section */
		53FCF262278B5676002916BE /* Main.storyboard */ = {
			isa = PBXVariantGroup;
			children = (
				53FCF263278B5676002916BE /* Base */,
			);
			name = Main.storyboard;
			sourceTree = "<group>";
		};
		53FCF267278B5678002916BE /* LaunchScreen.storyboard */ = {
			isa = PBXVariantGroup;
			children = (
				53FCF268278B5678002916BE /* Base */,
			);
			name = LaunchScreen.storyboard;
			sourceTree = "<group>";
		};
/* End PBXVariantGroup section */

/* Begin XCBuildConfiguration section */
		53FCF26B278B5678002916BE /* Debug */ = {
			isa = XCBuildConfiguration;
			buildSettings = {
				ALWAYS_SEARCH_USER_PATHS = NO;
				CLANG_ANALYZER_NONNULL = YES;
				CLANG_ANALYZER_NUMBER_OBJECT_CONVERSION = YES_AGGRESSIVE;
				CLANG_CXX_LANGUAGE_STANDARD = "gnu++17";
				CLANG_CXX_LIBRARY = "libc++";
				CLANG_ENABLE_MODULES = YES;
				CLANG_ENABLE_OBJC_ARC = YES;
				CLANG_ENABLE_OBJC_WEAK = YES;
				CLANG_WARN_BLOCK_CAPTURE_AUTORELEASING = YES;
				CLANG_WARN_BOOL_CONVERSION = YES;
				CLANG_WARN_COMMA = YES;
				CLANG_WARN_CONSTANT_CONVERSION = YES;
				CLANG_WARN_DEPRECATED_OBJC_IMPLEMENTATIONS = YES;
				CLANG_WARN_DIRECT_OBJC_ISA_USAGE = YES_ERROR;
				CLANG_WARN_DOCUMENTATION_COMMENTS = YES;
				CLANG_WARN_EMPTY_BODY = YES;
				CLANG_WARN_ENUM_CONVERSION = YES;
				CLANG_WARN_INFINITE_RECURSION = YES;
				CLANG_WARN_INT_CONVERSION = YES;
				CLANG_WARN_NON_LITERAL_NULL_CONVERSION = YES;
				CLANG_WARN_OBJC_IMPLICIT_RETAIN_SELF = YES;
				CLANG_WARN_OBJC_LITERAL_CONVERSION = YES;
				CLANG_WARN_OBJC_ROOT_CLASS = YES_ERROR;
				CLANG_WARN_QUOTED_INCLUDE_IN_FRAMEWORK_HEADER = YES;
				CLANG_WARN_RANGE_LOOP_ANALYSIS = YES;
				CLANG_WARN_STRICT_PROTOTYPES = YES;
				CLANG_WARN_SUSPICIOUS_MOVE = YES;
				CLANG_WARN_UNGUARDED_AVAILABILITY = YES_AGGRESSIVE;
				CLANG_WARN_UNREACHABLE_CODE = YES;
				CLANG_WARN__DUPLICATE_METHOD_MATCH = YES;
				COPY_PHASE_STRIP = NO;
				DEBUG_INFORMATION_FORMAT = dwarf;
				ENABLE_STRICT_OBJC_MSGSEND = YES;
				ENABLE_TESTABILITY = YES;
				GCC_C_LANGUAGE_STANDARD = gnu11;
				GCC_DYNAMIC_NO_PIC = NO;
				GCC_NO_COMMON_BLOCKS = YES;
				GCC_OPTIMIZATION_LEVEL = 0;
				GCC_PREPROCESSOR_DEFINITIONS = (
					"DEBUG=1",
					"$(inherited)",
				);
				GCC_WARN_64_TO_32_BIT_CONVERSION = YES;
				GCC_WARN_ABOUT_RETURN_TYPE = YES_ERROR;
				GCC_WARN_UNDECLARED_SELECTOR = YES;
				GCC_WARN_UNINITIALIZED_AUTOS = YES_AGGRESSIVE;
				GCC_WARN_UNUSED_FUNCTION = YES;
				GCC_WARN_UNUSED_VARIABLE = YES;
				IPHONEOS_DEPLOYMENT_TARGET = 15.2;
				MTL_ENABLE_DEBUG_INFO = INCLUDE_SOURCE;
				MTL_FAST_MATH = YES;
				ONLY_ACTIVE_ARCH = YES;
				SDKROOT = iphoneos;
				SWIFT_ACTIVE_COMPILATION_CONDITIONS = DEBUG;
				SWIFT_OPTIMIZATION_LEVEL = "-Onone";
			};
			name = Debug;
		};
		53FCF26C278B5678002916BE /* Release */ = {
			isa = XCBuildConfiguration;
			buildSettings = {
				ALWAYS_SEARCH_USER_PATHS = NO;
				CLANG_ANALYZER_NONNULL = YES;
				CLANG_ANALYZER_NUMBER_OBJECT_CONVERSION = YES_AGGRESSIVE;
				CLANG_CXX_LANGUAGE_STANDARD = "gnu++17";
				CLANG_CXX_LIBRARY = "libc++";
				CLANG_ENABLE_MODULES = YES;
				CLANG_ENABLE_OBJC_ARC = YES;
				CLANG_ENABLE_OBJC_WEAK = YES;
				CLANG_WARN_BLOCK_CAPTURE_AUTORELEASING = YES;
				CLANG_WARN_BOOL_CONVERSION = YES;
				CLANG_WARN_COMMA = YES;
				CLANG_WARN_CONSTANT_CONVERSION = YES;
				CLANG_WARN_DEPRECATED_OBJC_IMPLEMENTATIONS = YES;
				CLANG_WARN_DIRECT_OBJC_ISA_USAGE = YES_ERROR;
				CLANG_WARN_DOCUMENTATION_COMMENTS = YES;
				CLANG_WARN_EMPTY_BODY = YES;
				CLANG_WARN_ENUM_CONVERSION = YES;
				CLANG_WARN_INFINITE_RECURSION = YES;
				CLANG_WARN_INT_CONVERSION = YES;
				CLANG_WARN_NON_LITERAL_NULL_CONVERSION = YES;
				CLANG_WARN_OBJC_IMPLICIT_RETAIN_SELF = YES;
				CLANG_WARN_OBJC_LITERAL_CONVERSION = YES;
				CLANG_WARN_OBJC_ROOT_CLASS = YES_ERROR;
				CLANG_WARN_QUOTED_INCLUDE_IN_FRAMEWORK_HEADER = YES;
				CLANG_WARN_RANGE_LOOP_ANALYSIS = YES;
				CLANG_WARN_STRICT_PROTOTYPES = YES;
				CLANG_WARN_SUSPICIOUS_MOVE = YES;
				CLANG_WARN_UNGUARDED_AVAILABILITY = YES_AGGRESSIVE;
				CLANG_WARN_UNREACHABLE_CODE = YES;
				CLANG_WARN__DUPLICATE_METHOD_MATCH = YES;
				COPY_PHASE_STRIP = NO;
				DEBUG_INFORMATION_FORMAT = "dwarf-with-dsym";
				ENABLE_NS_ASSERTIONS = NO;
				ENABLE_STRICT_OBJC_MSGSEND = YES;
				GCC_C_LANGUAGE_STANDARD = gnu11;
				GCC_NO_COMMON_BLOCKS = YES;
				GCC_WARN_64_TO_32_BIT_CONVERSION = YES;
				GCC_WARN_ABOUT_RETURN_TYPE = YES_ERROR;
				GCC_WARN_UNDECLARED_SELECTOR = YES;
				GCC_WARN_UNINITIALIZED_AUTOS = YES_AGGRESSIVE;
				GCC_WARN_UNUSED_FUNCTION = YES;
				GCC_WARN_UNUSED_VARIABLE = YES;
				IPHONEOS_DEPLOYMENT_TARGET = 15.2;
				MTL_ENABLE_DEBUG_INFO = NO;
				MTL_FAST_MATH = YES;
				SDKROOT = iphoneos;
				SWIFT_COMPILATION_MODE = wholemodule;
				SWIFT_OPTIMIZATION_LEVEL = "-O";
				VALIDATE_PRODUCT = YES;
			};
			name = Release;
		};
		53FCF26E278B5678002916BE /* Debug */ = {
			isa = XCBuildConfiguration;
			baseConfigurationReference = CA143983ED72BC42E9BA0956 /* Pods-WeCleaner.debug.xcconfig */;
			buildSettings = {
				ASSETCATALOG_COMPILER_APPICON_NAME = AppIcon;
				ASSETCATALOG_COMPILER_GLOBAL_ACCENT_COLOR_NAME = AccentColor;
				CODE_SIGN_STYLE = Automatic;
				CURRENT_PROJECT_VERSION = 1;
				DEVELOPMENT_TEAM = 79LVKUDHS8;
				GENERATE_INFOPLIST_FILE = YES;
				INFOPLIST_FILE = WeCleaner/Info.plist;
				INFOPLIST_KEY_UIApplicationSupportsIndirectInputEvents = YES;
				INFOPLIST_KEY_UILaunchStoryboardName = LaunchScreen;
				INFOPLIST_KEY_UIMainStoryboardFile = Main;
				INFOPLIST_KEY_UISupportedInterfaceOrientations_iPad = "UIInterfaceOrientationPortrait UIInterfaceOrientationPortraitUpsideDown UIInterfaceOrientationLandscapeLeft UIInterfaceOrientationLandscapeRight";
				INFOPLIST_KEY_UISupportedInterfaceOrientations_iPhone = "UIInterfaceOrientationPortrait UIInterfaceOrientationLandscapeLeft UIInterfaceOrientationLandscapeRight";
				LD_RUNPATH_SEARCH_PATHS = (
					"$(inherited)",
					"@executable_path/Frameworks",
				);
				MARKETING_VERSION = 1.0;
				PRODUCT_BUNDLE_IDENTIFIER = com.nevesdev.WeCleaner;
				PRODUCT_NAME = "$(TARGET_NAME)";
				SWIFT_EMIT_LOC_STRINGS = YES;
				SWIFT_VERSION = 5.0;
				TARGETED_DEVICE_FAMILY = "1,2";
			};
			name = Debug;
		};
		53FCF26F278B5678002916BE /* Release */ = {
			isa = XCBuildConfiguration;
			baseConfigurationReference = 0D6F5A31678ABEB2281562B0 /* Pods-WeCleaner.release.xcconfig */;
			buildSettings = {
				ASSETCATALOG_COMPILER_APPICON_NAME = AppIcon;
				ASSETCATALOG_COMPILER_GLOBAL_ACCENT_COLOR_NAME = AccentColor;
				CODE_SIGN_STYLE = Automatic;
				CURRENT_PROJECT_VERSION = 1;
				DEVELOPMENT_TEAM = 79LVKUDHS8;
				GENERATE_INFOPLIST_FILE = YES;
				INFOPLIST_FILE = WeCleaner/Info.plist;
				INFOPLIST_KEY_UIApplicationSupportsIndirectInputEvents = YES;
				INFOPLIST_KEY_UILaunchStoryboardName = LaunchScreen;
				INFOPLIST_KEY_UIMainStoryboardFile = Main;
				INFOPLIST_KEY_UISupportedInterfaceOrientations_iPad = "UIInterfaceOrientationPortrait UIInterfaceOrientationPortraitUpsideDown UIInterfaceOrientationLandscapeLeft UIInterfaceOrientationLandscapeRight";
				INFOPLIST_KEY_UISupportedInterfaceOrientations_iPhone = "UIInterfaceOrientationPortrait UIInterfaceOrientationLandscapeLeft UIInterfaceOrientationLandscapeRight";
				LD_RUNPATH_SEARCH_PATHS = (
					"$(inherited)",
					"@executable_path/Frameworks",
				);
				MARKETING_VERSION = 1.0;
				PRODUCT_BUNDLE_IDENTIFIER = com.nevesdev.WeCleaner;
				PRODUCT_NAME = "$(TARGET_NAME)";
				SWIFT_EMIT_LOC_STRINGS = YES;
				SWIFT_VERSION = 5.0;
				TARGETED_DEVICE_FAMILY = "1,2";
			};
			name = Release;
		};
/* End XCBuildConfiguration section */

/* Begin XCConfigurationList section */
		53FCF254278B5676002916BE /* Build configuration list for PBXProject "WeCleaner" */ = {
			isa = XCConfigurationList;
			buildConfigurations = (
				53FCF26B278B5678002916BE /* Debug */,
				53FCF26C278B5678002916BE /* Release */,
			);
			defaultConfigurationIsVisible = 0;
			defaultConfigurationName = Release;
		};
		53FCF26D278B5678002916BE /* Build configuration list for PBXNativeTarget "WeCleaner" */ = {
			isa = XCConfigurationList;
			buildConfigurations = (
				53FCF26E278B5678002916BE /* Debug */,
				53FCF26F278B5678002916BE /* Release */,
			);
			defaultConfigurationIsVisible = 0;
			defaultConfigurationName = Release;
		};
/* End XCConfigurationList section */
	};
	rootObject = 53FCF251278B5676002916BE /* Project object */;
}
